<Solution>
  <Folder Name="/src/">
    <Project Path="src/DeskNote.App/DeskNote.App.csproj" />
    <Project Path="src/DeskNote.Core/DeskNote.Core.csproj" />
    <Project Path="src/DeskNote.Data/DeskNote.Data.csproj" />
  </Folder>
  <Folder Name="/tests/">
    <Project Path="tests/DeskNote.Core.Tests/DeskNote.Core.Tests.csproj" />
    <Project Path="tests/DeskNote.Data.Tests/DeskNote.Data.Tests.csproj" />
  </Folder>
</Solution>
